
Microsoft Visual Studio Solution File, Format Version 12.00
# Visual Studio Version 17
VisualStudioVersion = 17.9.34728.123
MinimumVisualStudioVersion = 10.0.40219.1
Project("{FAE04EC0-301F-11D3-BF4B-00C04F79EFBC}") = "TF_PP", "TF_PP.csproj", "{19F31F13-42B9-47D5-9713-7433E4D095FE}"
EndProject
Global
	GlobalSection(SolutionConfigurationPlatforms) = preSolution
		Debug|Any CPU = Debug|Any CPU
		Release|Any CPU = Release|Any CPU
	EndGlobalSection
	GlobalSection(ProjectConfigurationPlatforms) = postSolution
		{19F31F13-42B9-47D5-9713-7433E4D095FE}.Debug|Any CPU.ActiveCfg = Debug|Any CPU
		{19F31F13-42B9-47D5-9713-7433E4D095FE}.Debug|Any CPU.Build.0 = Debug|Any CPU
		{19F31F13-42B9-47D5-9713-7433E4D095FE}.Release|Any CPU.ActiveCfg = Release|Any CPU
		{19F31F13-42B9-47D5-9713-7433E4D095FE}.Release|Any CPU.Build.0 = Release|Any CPU
	EndGlobalSection
	GlobalSection(SolutionProperties) = preSolution
		HideSolutionNode = FALSE
	EndGlobalSection
	GlobalSection(ExtensibilityGlobals) = postSolution
		SolutionGuid = {975EE9C3-A727-4E54-BBAB-0AC436F1DF96}
	EndGlobalSection
EndGlobal
